
Microsoft Visual Studio Solution File, Format Version 12.00
# Visual Studio 15
VisualStudioVersion = 15.0.28307.1145
MinimumVisualStudioVersion = 10.0.40219.1
Project("{FAE04EC0-301F-11D3-BF4B-00C04F79EFBC}") = "razorpaydemo", "razorpaydemo\razorpaydemo.csproj", "{98C57B21-3251-4C3C-B34C-6C00414813AF}"
EndProject
Global
	GlobalSection(SolutionConfigurationPlatforms) = preSolution
		Debug|Any CPU = Debug|Any CPU
		Release|Any CPU = Release|Any CPU
	EndGlobalSection
	GlobalSection(ProjectConfigurationPlatforms) = postSolution
		{98C57B21-3251-4C3C-B34C-6C00414813AF}.Debug|Any CPU.ActiveCfg = Debug|Any CPU
		{98C57B21-3251-4C3C-B34C-6C00414813AF}.Debug|Any CPU.Build.0 = Debug|Any CPU
		{98C57B21-3251-4C3C-B34C-6C00414813AF}.Release|Any CPU.ActiveCfg = Release|Any CPU
		{98C57B21-3251-4C3C-B34C-6C00414813AF}.Release|Any CPU.Build.0 = Release|Any CPU
	EndGlobalSection
	GlobalSection(SolutionProperties) = preSolution
		HideSolutionNode = FALSE
	EndGlobalSection
	GlobalSection(ExtensibilityGlobals) = postSolution
		SolutionGuid = {5726DD1D-BC56-4359-BAAE-57FE0B806E63}
	EndGlobalSection
EndGlobal
